
Microsoft Visual Studio Solution File, Format Version 12.00
# Visual Studio Version 17
VisualStudioVersion = 17.5.002.0
MinimumVisualStudioVersion = 10.0.40219.1
Project("{9A19103F-16F7-4668-BE54-9A1E7A4F7556}") = "TcpServer", "TcpServer.csproj", "{827B32ED-B3BC-4CA5-B5E7-D2B757A4C54D}"
EndProject
Global
	GlobalSection(SolutionConfigurationPlatforms) = preSolution
		Debug|Any CPU = Debug|Any CPU
		Release|Any CPU = Release|Any CPU
	EndGlobalSection
	GlobalSection(ProjectConfigurationPlatforms) = postSolution
		{827B32ED-B3BC-4CA5-B5E7-D2B757A4C54D}.Debug|Any CPU.ActiveCfg = Debug|Any CPU
		{827B32ED-B3BC-4CA5-B5E7-D2B757A4C54D}.Debug|Any CPU.Build.0 = Debug|Any CPU
		{827B32ED-B3BC-4CA5-B5E7-D2B757A4C54D}.Release|Any CPU.ActiveCfg = Release|Any CPU
		{827B32ED-B3BC-4CA5-B5E7-D2B757A4C54D}.Release|Any CPU.Build.0 = Release|Any CPU
	EndGlobalSection
	GlobalSection(SolutionProperties) = preSolution
		HideSolutionNode = FALSE
	EndGlobalSection
	GlobalSection(ExtensibilityGlobals) = postSolution
		SolutionGuid = {BDCD404F-22D8-45DA-B777-B0BEA424B3BF}
	EndGlobalSection
EndGlobal
