
Microsoft Visual Studio Solution File, Format Version 12.00
# Visual Studio Version 17
VisualStudioVersion = 17.10.34916.146
MinimumVisualStudioVersion = 10.0.40219.1
Project("{FAE04EC0-301F-11D3-BF4B-00C04F79EFBC}") = "HttpServer", "HttpServer\HttpServer.csproj", "{17B005BE-EB70-4D59-929D-D7137969594D}"
EndProject
Global
	GlobalSection(SolutionConfigurationPlatforms) = preSolution
		Debug|Any CPU = Debug|Any CPU
		Release|Any CPU = Release|Any CPU
	EndGlobalSection
	GlobalSection(ProjectConfigurationPlatforms) = postSolution
		{17B005BE-EB70-4D59-929D-D7137969594D}.Debug|Any CPU.ActiveCfg = Debug|Any CPU
		{17B005BE-EB70-4D59-929D-D7137969594D}.Debug|Any CPU.Build.0 = Debug|Any CPU
		{17B005BE-EB70-4D59-929D-D7137969594D}.Release|Any CPU.ActiveCfg = Release|Any CPU
		{17B005BE-EB70-4D59-929D-D7137969594D}.Release|Any CPU.Build.0 = Release|Any CPU
	EndGlobalSection
	GlobalSection(SolutionProperties) = preSolution
		HideSolutionNode = FALSE
	EndGlobalSection
	GlobalSection(ExtensibilityGlobals) = postSolution
		SolutionGuid = {9DCC0EF9-8729-4592-9BDB-8EBF41F95641}
	EndGlobalSection
EndGlobal
